
Microsoft Visual Studio Solution File, Format Version 12.00
# Visual Studio Version 17
VisualStudioVersion = 17.0.32014.148
MinimumVisualStudioVersion = 10.0.40219.1
Project("{FAE04EC0-301F-11D3-BF4B-00C04F79EFBC}") = "Gorilla-Info", "Gorilla-Info.csproj", "{70BFCA50-1D54-4788-AE0D-A97D349BC33E}"
EndProject
Global
	GlobalSection(SolutionConfigurationPlatforms) = preSolution
		Debug|Any CPU = Debug|Any CPU
		Release|Any CPU = Release|Any CPU
	EndGlobalSection
	GlobalSection(ProjectConfigurationPlatforms) = postSolution
		{70BFCA50-1D54-4788-AE0D-A97D349BC33E}.Debug|Any CPU.ActiveCfg = Debug|Any CPU
		{70BFCA50-1D54-4788-AE0D-A97D349BC33E}.Debug|Any CPU.Build.0 = Debug|Any CPU
		{70BFCA50-1D54-4788-AE0D-A97D349BC33E}.Release|Any CPU.ActiveCfg = Release|Any CPU
		{70BFCA50-1D54-4788-AE0D-A97D349BC33E}.Release|Any CPU.Build.0 = Release|Any CPU
	EndGlobalSection
	GlobalSection(SolutionProperties) = preSolution
		HideSolutionNode = FALSE
	EndGlobalSection
	GlobalSection(ExtensibilityGlobals) = postSolution
		SolutionGuid = {C8F9AB4F-D820-4788-B316-68E610FCB8CA}
	EndGlobalSection
EndGlobal
